{
  "name": "@skybluu/seats-aero-mcp",
  "version": "0.1.2",
  "lockfileVersion": 3,
  "requires": true,
  "packages": {
    "": {
      "name": "@skybluu/seats-aero-mcp",
      "version": "0.1.2",
      "license": "MIT",
      "bin": {
        "seats-aero-mcp": "bin/seats-aero-mcp.js"
      },
      "engines": {
        "node": ">=18.0.0"
      }
    }
  }
}
